
Microsoft Visual Studio Solution File, Format Version 12.00
# Visual Studio Version 17
VisualStudioVersion = 17.14.36414.22 d17.14
MinimumVisualStudioVersion = 10.0.40219.1
Project("{FAE04EC0-301F-11D3-BF4B-00C04F79EFBC}") = "sharp", "sharp\sharp.csproj", "{46A700C3-C6AC-4B0A-BDA2-44FE2DFE3B0E}"
EndProject
Global
	GlobalSection(SolutionConfigurationPlatforms) = preSolution
		Debug|Any CPU = Debug|Any CPU
		Release|Any CPU = Release|Any CPU
	EndGlobalSection
	GlobalSection(ProjectConfigurationPlatforms) = postSolution
		{46A700C3-C6AC-4B0A-BDA2-44FE2DFE3B0E}.Debug|Any CPU.ActiveCfg = Debug|Any CPU
		{46A700C3-C6AC-4B0A-BDA2-44FE2DFE3B0E}.Debug|Any CPU.Build.0 = Debug|Any CPU
		{46A700C3-C6AC-4B0A-BDA2-44FE2DFE3B0E}.Release|Any CPU.ActiveCfg = Release|Any CPU
		{46A700C3-C6AC-4B0A-BDA2-44FE2DFE3B0E}.Release|Any CPU.Build.0 = Release|Any CPU
	EndGlobalSection
	GlobalSection(SolutionProperties) = preSolution
		HideSolutionNode = FALSE
	EndGlobalSection
	GlobalSection(ExtensibilityGlobals) = postSolution
		SolutionGuid = {E6373209-F15B-463A-AA74-F873D5070858}
	EndGlobalSection
EndGlobal
